
Microsoft Visual Studio Solution File, Format Version 12.00
# Visual Studio Version 16
VisualStudioVersion = 16.0.32901.82
MinimumVisualStudioVersion = 10.0.40219.1
Project("{9A19103F-16F7-4668-BE54-9A1E7A4F7556}") = "FinolDigital.Cgs.CardGameDef", "FinolDigital.Cgs.CardGameDef\FinolDigital.Cgs.CardGameDef.csproj", "{97F6023F-DC26-47C9-A047-82D0EDBD04BC}"
EndProject
Global
	GlobalSection(SolutionConfigurationPlatforms) = preSolution
		Debug|Any CPU = Debug|Any CPU
		Release|Any CPU = Release|Any CPU
	EndGlobalSection
	GlobalSection(ProjectConfigurationPlatforms) = postSolution
		{97F6023F-DC26-47C9-A047-82D0EDBD04BC}.Debug|Any CPU.ActiveCfg = Debug|Any CPU
		{97F6023F-DC26-47C9-A047-82D0EDBD04BC}.Debug|Any CPU.Build.0 = Debug|Any CPU
		{97F6023F-DC26-47C9-A047-82D0EDBD04BC}.Release|Any CPU.ActiveCfg = Release|Any CPU
		{97F6023F-DC26-47C9-A047-82D0EDBD04BC}.Release|Any CPU.Build.0 = Release|Any CPU
	EndGlobalSection
	GlobalSection(SolutionProperties) = preSolution
		HideSolutionNode = FALSE
	EndGlobalSection
	GlobalSection(ExtensibilityGlobals) = postSolution
		SolutionGuid = {15B03E44-A516-454F-8F24-C07FEF483982}
	EndGlobalSection
EndGlobal
